
Microsoft Visual Studio Solution File, Format Version 12.00
# Visual Studio Version 17
VisualStudioVersion = 17.4.33205.214
MinimumVisualStudioVersion = 10.0.40219.1
Project("{FAE04EC0-301F-11D3-BF4B-00C04F79EFBC}") = "CoralpayInterbankPayments", "CoralpayInterbankPayments\CoralpayInterbankPayments.csproj", "{0F35D6E6-2F25-4E4F-9E7B-404FDF3EBCD2}"
EndProject
Global
	GlobalSection(SolutionConfigurationPlatforms) = preSolution
		Debug|Any CPU = Debug|Any CPU
		Release|Any CPU = Release|Any CPU
	EndGlobalSection
	GlobalSection(ProjectConfigurationPlatforms) = postSolution
		{0F35D6E6-2F25-4E4F-9E7B-404FDF3EBCD2}.Debug|Any CPU.ActiveCfg = Debug|Any CPU
		{0F35D6E6-2F25-4E4F-9E7B-404FDF3EBCD2}.Debug|Any CPU.Build.0 = Debug|Any CPU
		{0F35D6E6-2F25-4E4F-9E7B-404FDF3EBCD2}.Release|Any CPU.ActiveCfg = Release|Any CPU
		{0F35D6E6-2F25-4E4F-9E7B-404FDF3EBCD2}.Release|Any CPU.Build.0 = Release|Any CPU
	EndGlobalSection
	GlobalSection(SolutionProperties) = preSolution
		HideSolutionNode = FALSE
	EndGlobalSection
	GlobalSection(ExtensibilityGlobals) = postSolution
		SolutionGuid = {9C91AFB5-3378-4757-86F2-DE4C97161C57}
	EndGlobalSection
EndGlobal
